
Microsoft Visual Studio Solution File, Format Version 12.00
# Visual Studio Version 16
VisualStudioVersion = 16.0.29021.104
MinimumVisualStudioVersion = 10.0.40219.1
Project("{FAE04EC0-301F-11D3-BF4B-00C04F79EFBC}") = "EvidencijaKursa", "EvidencijaKursa\EvidencijaKursa.csproj", "{313C4AC3-ECD1-47E6-91AA-AC04B8A33078}"
EndProject
Project("{54435603-DBB4-11D2-8724-00A0C9A8B90C}") = "Setup", "Setup\Setup.vdproj", "{159A9C74-0FEC-4D5E-9475-26B400D86D2D}"
EndProject
Global
	GlobalSection(SolutionConfigurationPlatforms) = preSolution
		Debug|Any CPU = Debug|Any CPU
		Release|Any CPU = Release|Any CPU
	EndGlobalSection
	GlobalSection(ProjectConfigurationPlatforms) = postSolution
		{313C4AC3-ECD1-47E6-91AA-AC04B8A33078}.Debug|Any CPU.ActiveCfg = Debug|Any CPU
		{313C4AC3-ECD1-47E6-91AA-AC04B8A33078}.Debug|Any CPU.Build.0 = Debug|Any CPU
		{313C4AC3-ECD1-47E6-91AA-AC04B8A33078}.Release|Any CPU.ActiveCfg = Release|Any CPU
		{313C4AC3-ECD1-47E6-91AA-AC04B8A33078}.Release|Any CPU.Build.0 = Release|Any CPU
		{159A9C74-0FEC-4D5E-9475-26B400D86D2D}.Debug|Any CPU.ActiveCfg = Debug
		{159A9C74-0FEC-4D5E-9475-26B400D86D2D}.Release|Any CPU.ActiveCfg = Release
	EndGlobalSection
	GlobalSection(SolutionProperties) = preSolution
		HideSolutionNode = FALSE
	EndGlobalSection
	GlobalSection(ExtensibilityGlobals) = postSolution
		SolutionGuid = {E07BCE9B-C360-432A-8B62-40BF930EC9C3}
	EndGlobalSection
EndGlobal
